// !$*UTF8*$!
{
	archiveVersion = 1;
	classes = {
	};
	objectVersion = 55;
	objects = {

/* Begin PBXBuildFile section */
		7B512D75287630F10029195A /* HomeViewController.m in Sources */ = {isa = PBXBuildFile; fileRef = 7B512D74287630F10029195A /* HomeViewController.m */; };
		7B512D78287631080029195A /* TimeViewController.m in Sources */ = {isa = PBXBuildFile; fileRef = 7B512D77287631080029195A /* TimeViewController.m */; };
		7B512D7B2876312D0029195A /* ShowersViewController.m in Sources */ = {isa = PBXBuildFile; fileRef = 7B512D7A2876312D0029195A /* ShowersViewController.m */; };
		7B512D7E2876314D0029195A /* ImpactViewController.m in Sources */ = {isa = PBXBuildFile; fileRef = 7B512D7D2876314D0029195A /* ImpactViewController.m */; };
		7B512D81287631660029195A /* LeaderboardViewController.m in Sources */ = {isa = PBXBuildFile; fileRef = 7B512D80287631660029195A /* LeaderboardViewController.m */; };
		7B512D85287649B20029195A /* StatsCell.m in Sources */ = {isa = PBXBuildFile; fileRef = 7B512D84287649B20029195A /* StatsCell.m */; };
		7B512EA82878990F0029195A /* SpotifyiOS.framework in Frameworks */ = {isa = PBXBuildFile; fileRef = 7B512EA72877A49D0029195A /* SpotifyiOS.framework */; };
		7B512EAC2878AF370029195A /* Shower.m in Sources */ = {isa = PBXBuildFile; fileRef = 7B512EAB2878AF370029195A /* Shower.m */; };
		7B512EAF2878B24D0029195A /* ShowerCell.m in Sources */ = {isa = PBXBuildFile; fileRef = 7B512EAE2878B24D0029195A /* ShowerCell.m */; };
		7B512EB2287CD0540029195A /* LeaderboardCell.m in Sources */ = {isa = PBXBuildFile; fileRef = 7B512EB1287CD0540029195A /* LeaderboardCell.m */; };
		7B512EB7287CE1DF0029195A /* Constants.swift in Sources */ = {isa = PBXBuildFile; fileRef = 7B512EB6287CE1DF0029195A /* Constants.swift */; };
		7B512EB9287CE9250029195A /* ViewController.swift in Sources */ = {isa = PBXBuildFile; fileRef = 7B512EB8287CE9250029195A /* ViewController.swift */; };
		7B512EBF287CF0E10029195A /* SceneDelegate.swift in Sources */ = {isa = PBXBuildFile; fileRef = 7B512EBE287CF0E10029195A /* SceneDelegate.swift */; };
		7B512EC2287CF2B10029195A /* SceneDelegate.m in Sources */ = {isa = PBXBuildFile; fileRef = 7B512EC0287CF2B10029195A /* SceneDelegate.m */; };
		7B512EC7287E3B140029195A /* Access.m in Sources */ = {isa = PBXBuildFile; fileRef = 7B512EC6287E3B140029195A /* Access.m */; };
		7B512ED5287F61E40029195A /* SpotifyAPIManager.m in Sources */ = {isa = PBXBuildFile; fileRef = 7B512ED4287F61E40029195A /* SpotifyAPIManager.m */; };
		7B512ED8287F6F1B0029195A /* SettingsViewController.m in Sources */ = {isa = PBXBuildFile; fileRef = 7B512ED7287F6F1B0029195A /* SettingsViewController.m */; };
		7B512EDA287F88D30029195A /* NetworkCalls.swift in Sources */ = {isa = PBXBuildFile; fileRef = 7B512ED9287F88D30029195A /* NetworkCalls.swift */; };
		7B512EE02881EFE10029195A /* ImpactCalculationsViewController.m in Sources */ = {isa = PBXBuildFile; fileRef = 7B512EDF2881EFE10029195A /* ImpactCalculationsViewController.m */; };
		7BE02E2A2876160D0060575C /* AppDelegate.m in Sources */ = {isa = PBXBuildFile; fileRef = 7BE02E292876160D0060575C /* AppDelegate.m */; };
		7BE02E332876160D0060575C /* Main.storyboard in Resources */ = {isa = PBXBuildFile; fileRef = 7BE02E312876160D0060575C /* Main.storyboard */; };
		7BE02E352876160E0060575C /* Assets.xcassets in Resources */ = {isa = PBXBuildFile; fileRef = 7BE02E342876160E0060575C /* Assets.xcassets */; };
		7BE02E382876160E0060575C /* LaunchScreen.storyboard in Resources */ = {isa = PBXBuildFile; fileRef = 7BE02E362876160E0060575C /* LaunchScreen.storyboard */; };
		7BE02E3B2876160E0060575C /* main.m in Sources */ = {isa = PBXBuildFile; fileRef = 7BE02E3A2876160E0060575C /* main.m */; };
		7BE02E452876160E0060575C /* SplashTests.m in Sources */ = {isa = PBXBuildFile; fileRef = 7BE02E442876160E0060575C /* SplashTests.m */; };
		7BE02E4F2876160E0060575C /* SplashUITests.m in Sources */ = {isa = PBXBuildFile; fileRef = 7BE02E4E2876160E0060575C /* SplashUITests.m */; };
		7BE02E512876160E0060575C /* SplashUITestsLaunchTests.m in Sources */ = {isa = PBXBuildFile; fileRef = 7BE02E502876160E0060575C /* SplashUITestsLaunchTests.m */; };
		7BE02E602876171D0060575C /* LoginViewController.m in Sources */ = {isa = PBXBuildFile; fileRef = 7BE02E5F2876171D0060575C /* LoginViewController.m */; };
		B9EFC9561E308BDE745F5D1E /* Pods_Splash.framework in Frameworks */ = {isa = PBXBuildFile; fileRef = EDB32165BF3D449C3957D3A9 /* Pods_Splash.framework */; };
		E4F9F4B4A4460B117EA99E8C /* Pods_Splash_SplashUITests.framework in Frameworks */ = {isa = PBXBuildFile; fileRef = 0C3691AA964ACEEE44AAD3A2 /* Pods_Splash_SplashUITests.framework */; };
		E9DF1884199B05446F95AA61 /* Pods_SplashTests.framework in Frameworks */ = {isa = PBXBuildFile; fileRef = 1B2732964233094AA1F4BE68 /* Pods_SplashTests.framework */; };
/* End PBXBuildFile section */

/* Begin PBXContainerItemProxy section */
		7BE02E412876160E0060575C /* PBXContainerItemProxy */ = {
			isa = PBXContainerItemProxy;
			containerPortal = 7BE02E1D2876160D0060575C /* Project object */;
			proxyType = 1;
			remoteGlobalIDString = 7BE02E242876160D0060575C;
			remoteInfo = Splash;
		};
		7BE02E4B2876160E0060575C /* PBXContainerItemProxy */ = {
			isa = PBXContainerItemProxy;
			containerPortal = 7BE02E1D2876160D0060575C /* Project object */;
			proxyType = 1;
			remoteGlobalIDString = 7BE02E242876160D0060575C;
			remoteInfo = Splash;
		};
/* End PBXContainerItemProxy section */

/* Begin PBXFileReference section */
		0C3691AA964ACEEE44AAD3A2 /* Pods_Splash_SplashUITests.framework */ = {isa = PBXFileReference; explicitFileType = wrapper.framework; includeInIndex = 0; path = Pods_Splash_SplashUITests.framework; sourceTree = BUILT_PRODUCTS_DIR; };
		1B2732964233094AA1F4BE68 /* Pods_SplashTests.framework */ = {isa = PBXFileReference; explicitFileType = wrapper.framework; includeInIndex = 0; path = Pods_SplashTests.framework; sourceTree = BUILT_PRODUCTS_DIR; };
		4E60A4DE5EA5DAF29FD5EE48 /* Pods-SplashTests.debug.xcconfig */ = {isa = PBXFileReference; includeInIndex = 1; lastKnownFileType = text.xcconfig; name = "Pods-SplashTests.debug.xcconfig"; path = "Target Support Files/Pods-SplashTests/Pods-SplashTests.debug.xcconfig"; sourceTree = "<group>"; };
		51B3B10E6785926A62617D7A /* Pods-Splash-SplashUITests.debug.xcconfig */ = {isa = PBXFileReference; includeInIndex = 1; lastKnownFileType = text.xcconfig; name = "Pods-Splash-SplashUITests.debug.xcconfig"; path = "Target Support Files/Pods-Splash-SplashUITests/Pods-Splash-SplashUITests.debug.xcconfig"; sourceTree = "<group>"; };
		6D494687862A51CD3767EEF9 /* Pods-Splash.debug.xcconfig */ = {isa = PBXFileReference; includeInIndex = 1; lastKnownFileType = text.xcconfig; name = "Pods-Splash.debug.xcconfig"; path = "Target Support Files/Pods-Splash/Pods-Splash.debug.xcconfig"; sourceTree = "<group>"; };
		6EE88852BEB7D03956D70961 /* Pods-Splash-SplashUITests.release.xcconfig */ = {isa = PBXFileReference; includeInIndex = 1; lastKnownFileType = text.xcconfig; name = "Pods-Splash-SplashUITests.release.xcconfig"; path = "Target Support Files/Pods-Splash-SplashUITests/Pods-Splash-SplashUITests.release.xcconfig"; sourceTree = "<group>"; };
		7B512D73287630F10029195A /* HomeViewController.h */ = {isa = PBXFileReference; lastKnownFileType = sourcecode.c.h; path = HomeViewController.h; sourceTree = "<group>"; };
		7B512D74287630F10029195A /* HomeViewController.m */ = {isa = PBXFileReference; lastKnownFileType = sourcecode.c.objc; path = HomeViewController.m; sourceTree = "<group>"; };
		7B512D76287631080029195A /* TimeViewController.h */ = {isa = PBXFileReference; lastKnownFileType = sourcecode.c.h; path = TimeViewController.h; sourceTree = "<group>"; };
		7B512D77287631080029195A /* TimeViewController.m */ = {isa = PBXFileReference; lastKnownFileType = sourcecode.c.objc; path = TimeViewController.m; sourceTree = "<group>"; };
		7B512D792876312D0029195A /* ShowersViewController.h */ = {isa = PBXFileReference; lastKnownFileType = sourcecode.c.h; name = ShowersViewController.h; path = Splash/ShowersViewController.h; sourceTree = SOURCE_ROOT; };
		7B512D7A2876312D0029195A /* ShowersViewController.m */ = {isa = PBXFileReference; lastKnownFileType = sourcecode.c.objc; name = ShowersViewController.m; path = Splash/ShowersViewController.m; sourceTree = SOURCE_ROOT; };
		7B512D7C2876314D0029195A /* ImpactViewController.h */ = {isa = PBXFileReference; lastKnownFileType = sourcecode.c.h; path = ImpactViewController.h; sourceTree = "<group>"; };
		7B512D7D2876314D0029195A /* ImpactViewController.m */ = {isa = PBXFileReference; lastKnownFileType = sourcecode.c.objc; path = ImpactViewController.m; sourceTree = "<group>"; };
		7B512D7F287631660029195A /* LeaderboardViewController.h */ = {isa = PBXFileReference; lastKnownFileType = sourcecode.c.h; path = LeaderboardViewController.h; sourceTree = "<group>"; };
		7B512D80287631660029195A /* LeaderboardViewController.m */ = {isa = PBXFileReference; lastKnownFileType = sourcecode.c.objc; path = LeaderboardViewController.m; sourceTree = "<group>"; };
		7B512D83287649B20029195A /* StatsCell.h */ = {isa = PBXFileReference; lastKnownFileType = sourcecode.c.h; path = StatsCell.h; sourceTree = "<group>"; };
		7B512D84287649B20029195A /* StatsCell.m */ = {isa = PBXFileReference; lastKnownFileType = sourcecode.c.objc; path = StatsCell.m; sourceTree = "<group>"; };
		7B512EA72877A49D0029195A /* SpotifyiOS.framework */ = {isa = PBXFileReference; lastKnownFileType = wrapper.framework; path = SpotifyiOS.framework; sourceTree = "<group>"; };
		7B512EAA2878AF370029195A /* Shower.h */ = {isa = PBXFileReference; lastKnownFileType = sourcecode.c.h; path = Shower.h; sourceTree = "<group>"; };
		7B512EAB2878AF370029195A /* Shower.m */ = {isa = PBXFileReference; lastKnownFileType = sourcecode.c.objc; path = Shower.m; sourceTree = "<group>"; };
		7B512EAD2878B24D0029195A /* ShowerCell.h */ = {isa = PBXFileReference; lastKnownFileType = sourcecode.c.h; path = ShowerCell.h; sourceTree = "<group>"; };
		7B512EAE2878B24D0029195A /* ShowerCell.m */ = {isa = PBXFileReference; lastKnownFileType = sourcecode.c.objc; path = ShowerCell.m; sourceTree = "<group>"; };
		7B512EB0287CD0540029195A /* LeaderboardCell.h */ = {isa = PBXFileReference; lastKnownFileType = sourcecode.c.h; path = LeaderboardCell.h; sourceTree = "<group>"; };
		7B512EB1287CD0540029195A /* LeaderboardCell.m */ = {isa = PBXFileReference; lastKnownFileType = sourcecode.c.objc; path = LeaderboardCell.m; sourceTree = "<group>"; };
		7B512EB3287CDF730029195A /* Splash-Bridging-Header.h */ = {isa = PBXFileReference; lastKnownFileType = sourcecode.c.h; path = "Splash-Bridging-Header.h"; sourceTree = "<group>"; };
		7B512EB6287CE1DF0029195A /* Constants.swift */ = {isa = PBXFileReference; lastKnownFileType = sourcecode.swift; path = Constants.swift; sourceTree = "<group>"; };
		7B512EB8287CE9250029195A /* ViewController.swift */ = {isa = PBXFileReference; lastKnownFileType = sourcecode.swift; path = ViewController.swift; sourceTree = "<group>"; };
		7B512EBE287CF0E10029195A /* SceneDelegate.swift */ = {isa = PBXFileReference; lastKnownFileType = sourcecode.swift; path = SceneDelegate.swift; sourceTree = "<group>"; };
		7B512EC0287CF2B10029195A /* SceneDelegate.m */ = {isa = PBXFileReference; fileEncoding = 4; lastKnownFileType = sourcecode.c.objc; name = SceneDelegate.m; path = ../../../../.Trash/SceneDelegate.m; sourceTree = "<group>"; };
		7B512EC1287CF2B10029195A /* SceneDelegate.h */ = {isa = PBXFileReference; fileEncoding = 4; lastKnownFileType = sourcecode.c.h; name = SceneDelegate.h; path = ../../../../.Trash/SceneDelegate.h; sourceTree = "<group>"; };
		7B512EC6287E3B140029195A /* Access.m */ = {isa = PBXFileReference; lastKnownFileType = sourcecode.c.objc; path = Access.m; sourceTree = "<group>"; };
		7B512ED3287F61E40029195A /* SpotifyAPIManager.h */ = {isa = PBXFileReference; lastKnownFileType = sourcecode.c.h; path = SpotifyAPIManager.h; sourceTree = "<group>"; };
		7B512ED4287F61E40029195A /* SpotifyAPIManager.m */ = {isa = PBXFileReference; lastKnownFileType = sourcecode.c.objc; path = SpotifyAPIManager.m; sourceTree = "<group>"; };
		7B512ED6287F6F1B0029195A /* SettingsViewController.h */ = {isa = PBXFileReference; lastKnownFileType = sourcecode.c.h; path = SettingsViewController.h; sourceTree = "<group>"; };
		7B512ED7287F6F1B0029195A /* SettingsViewController.m */ = {isa = PBXFileReference; lastKnownFileType = sourcecode.c.objc; path = SettingsViewController.m; sourceTree = "<group>"; };
		7B512ED9287F88D30029195A /* NetworkCalls.swift */ = {isa = PBXFileReference; lastKnownFileType = sourcecode.swift; path = NetworkCalls.swift; sourceTree = "<group>"; };
		7B512EDE2881EFE10029195A /* ImpactCalculationsViewController.h */ = {isa = PBXFileReference; lastKnownFileType = sourcecode.c.h; path = ImpactCalculationsViewController.h; sourceTree = "<group>"; };
		7B512EDF2881EFE10029195A /* ImpactCalculationsViewController.m */ = {isa = PBXFileReference; lastKnownFileType = sourcecode.c.objc; path = ImpactCalculationsViewController.m; sourceTree = "<group>"; };
		7BE02E252876160D0060575C /* Splash.app */ = {isa = PBXFileReference; explicitFileType = wrapper.application; includeInIndex = 0; path = Splash.app; sourceTree = BUILT_PRODUCTS_DIR; };
		7BE02E282876160D0060575C /* AppDelegate.h */ = {isa = PBXFileReference; lastKnownFileType = sourcecode.c.h; path = AppDelegate.h; sourceTree = "<group>"; };
		7BE02E292876160D0060575C /* AppDelegate.m */ = {isa = PBXFileReference; lastKnownFileType = sourcecode.c.objc; path = AppDelegate.m; sourceTree = "<group>"; };
		7BE02E322876160D0060575C /* Base */ = {isa = PBXFileReference; lastKnownFileType = file.storyboard; name = Base; path = Base.lproj/Main.storyboard; sourceTree = "<group>"; };
		7BE02E342876160E0060575C /* Assets.xcassets */ = {isa = PBXFileReference; lastKnownFileType = folder.assetcatalog; path = Assets.xcassets; sourceTree = "<group>"; };
		7BE02E372876160E0060575C /* Base */ = {isa = PBXFileReference; lastKnownFileType = file.storyboard; name = Base; path = Base.lproj/LaunchScreen.storyboard; sourceTree = "<group>"; };
		7BE02E392876160E0060575C /* Info.plist */ = {isa = PBXFileReference; lastKnownFileType = text.plist.xml; path = Info.plist; sourceTree = "<group>"; };
		7BE02E3A2876160E0060575C /* main.m */ = {isa = PBXFileReference; lastKnownFileType = sourcecode.c.objc; path = main.m; sourceTree = "<group>"; };
		7BE02E402876160E0060575C /* SplashTests.xctest */ = {isa = PBXFileReference; explicitFileType = wrapper.cfbundle; includeInIndex = 0; path = SplashTests.xctest; sourceTree = BUILT_PRODUCTS_DIR; };
		7BE02E442876160E0060575C /* SplashTests.m */ = {isa = PBXFileReference; lastKnownFileType = sourcecode.c.objc; path = SplashTests.m; sourceTree = "<group>"; };
		7BE02E4A2876160E0060575C /* SplashUITests.xctest */ = {isa = PBXFileReference; explicitFileType = wrapper.cfbundle; includeInIndex = 0; path = SplashUITests.xctest; sourceTree = BUILT_PRODUCTS_DIR; };
		7BE02E4E2876160E0060575C /* SplashUITests.m */ = {isa = PBXFileReference; lastKnownFileType = sourcecode.c.objc; path = SplashUITests.m; sourceTree = "<group>"; };
		7BE02E502876160E0060575C /* SplashUITestsLaunchTests.m */ = {isa = PBXFileReference; lastKnownFileType = sourcecode.c.objc; path = SplashUITestsLaunchTests.m; sourceTree = "<group>"; };
		7BE02E5E2876171D0060575C /* LoginViewController.h */ = {isa = PBXFileReference; lastKnownFileType = sourcecode.c.h; path = LoginViewController.h; sourceTree = "<group>"; };
		7BE02E5F2876171D0060575C /* LoginViewController.m */ = {isa = PBXFileReference; lastKnownFileType = sourcecode.c.objc; path = LoginViewController.m; sourceTree = "<group>"; };
		E16785FD8DD5E6C596FA116D /* Pods-Splash.release.xcconfig */ = {isa = PBXFileReference; includeInIndex = 1; lastKnownFileType = text.xcconfig; name = "Pods-Splash.release.xcconfig"; path = "Target Support Files/Pods-Splash/Pods-Splash.release.xcconfig"; sourceTree = "<group>"; };
		EDB32165BF3D449C3957D3A9 /* Pods_Splash.framework */ = {isa = PBXFileReference; explicitFileType = wrapper.framework; includeInIndex = 0; path = Pods_Splash.framework; sourceTree = BUILT_PRODUCTS_DIR; };
		FF0E59FAA37395F44FA9F5D3 /* Pods-SplashTests.release.xcconfig */ = {isa = PBXFileReference; includeInIndex = 1; lastKnownFileType = text.xcconfig; name = "Pods-SplashTests.release.xcconfig"; path = "Target Support Files/Pods-SplashTests/Pods-SplashTests.release.xcconfig"; sourceTree = "<group>"; };
/* End PBXFileReference section */

/* Begin PBXFrameworksBuildPhase section */
		7BE02E222876160D0060575C /* Frameworks */ = {
			isa = PBXFrameworksBuildPhase;
			buildActionMask = 2147483647;
			files = (
				B9EFC9561E308BDE745F5D1E /* Pods_Splash.framework in Frameworks */,
				7B512EA82878990F0029195A /* SpotifyiOS.framework in Frameworks */,
			);
			runOnlyForDeploymentPostprocessing = 0;
		};
		7BE02E3D2876160E0060575C /* Frameworks */ = {
			isa = PBXFrameworksBuildPhase;
			buildActionMask = 2147483647;
			files = (
				E9DF1884199B05446F95AA61 /* Pods_SplashTests.framework in Frameworks */,
			);
			runOnlyForDeploymentPostprocessing = 0;
		};
		7BE02E472876160E0060575C /* Frameworks */ = {
			isa = PBXFrameworksBuildPhase;
			buildActionMask = 2147483647;
			files = (
				E4F9F4B4A4460B117EA99E8C /* Pods_Splash_SplashUITests.framework in Frameworks */,
			);
			runOnlyForDeploymentPostprocessing = 0;
		};
/* End PBXFrameworksBuildPhase section */

/* Begin PBXGroup section */
		0D64A6C2ECDC89BCCDEC3194 /* Frameworks */ = {
			isa = PBXGroup;
			children = (
				7B512EA72877A49D0029195A /* SpotifyiOS.framework */,
				EDB32165BF3D449C3957D3A9 /* Pods_Splash.framework */,
				0C3691AA964ACEEE44AAD3A2 /* Pods_Splash_SplashUITests.framework */,
				1B2732964233094AA1F4BE68 /* Pods_SplashTests.framework */,
			);
			name = Frameworks;
			sourceTree = "<group>";
		};
		7B512D822876488B0029195A /* Views */ = {
			isa = PBXGroup;
			children = (
				7B512D83287649B20029195A /* StatsCell.h */,
				7B512D84287649B20029195A /* StatsCell.m */,
				7B512EAD2878B24D0029195A /* ShowerCell.h */,
				7B512EAE2878B24D0029195A /* ShowerCell.m */,
				7B512EB0287CD0540029195A /* LeaderboardCell.h */,
				7B512EB1287CD0540029195A /* LeaderboardCell.m */,
			);
			path = Views;
			sourceTree = "<group>";
		};
		7B512EA92878AE2C0029195A /* Models */ = {
			isa = PBXGroup;
			children = (
				7B512EAA2878AF370029195A /* Shower.h */,
				7B512EAB2878AF370029195A /* Shower.m */,
			);
			path = Models;
			sourceTree = "<group>";
		};
		7B512EC8287F49750029195A /* Networking */ = {
			isa = PBXGroup;
			children = (
				7B512ED3287F61E40029195A /* SpotifyAPIManager.h */,
				7B512ED4287F61E40029195A /* SpotifyAPIManager.m */,
				7B512ED9287F88D30029195A /* NetworkCalls.swift */,
			);
			path = Networking;
			sourceTree = "<group>";
		};
		7BE02E1C2876160D0060575C = {
			isa = PBXGroup;
			children = (
				7BE02E272876160D0060575C /* Splash */,
				7BE02E432876160E0060575C /* SplashTests */,
				7BE02E4D2876160E0060575C /* SplashUITests */,
				7BE02E262876160D0060575C /* Products */,
				B134505EA1D35C7BDE43513C /* Pods */,
				0D64A6C2ECDC89BCCDEC3194 /* Frameworks */,
			);
			sourceTree = "<group>";
		};
		7BE02E262876160D0060575C /* Products */ = {
			isa = PBXGroup;
			children = (
				7BE02E252876160D0060575C /* Splash.app */,
				7BE02E402876160E0060575C /* SplashTests.xctest */,
				7BE02E4A2876160E0060575C /* SplashUITests.xctest */,
			);
			name = Products;
			sourceTree = "<group>";
		};
		7BE02E272876160D0060575C /* Splash */ = {
			isa = PBXGroup;
			children = (
				7BE02E5D287617080060575C /* View Controllers */,
				7B512EC8287F49750029195A /* Networking */,
				7B512EA92878AE2C0029195A /* Models */,
				7B512D822876488B0029195A /* Views */,
				7BE02E282876160D0060575C /* AppDelegate.h */,
				7BE02E292876160D0060575C /* AppDelegate.m */,
				7B512EC1287CF2B10029195A /* SceneDelegate.h */,
				7B512EC0287CF2B10029195A /* SceneDelegate.m */,
				7B512EBE287CF0E10029195A /* SceneDelegate.swift */,
				7B512EC6287E3B140029195A /* Access.m */,
				7BE02E312876160D0060575C /* Main.storyboard */,
				7B512EB8287CE9250029195A /* ViewController.swift */,
				7BE02E342876160E0060575C /* Assets.xcassets */,
				7BE02E362876160E0060575C /* LaunchScreen.storyboard */,
				7BE02E392876160E0060575C /* Info.plist */,
				7BE02E3A2876160E0060575C /* main.m */,
				7B512EB3287CDF730029195A /* Splash-Bridging-Header.h */,
				7B512EB6287CE1DF0029195A /* Constants.swift */,
			);
			path = Splash;
			sourceTree = "<group>";
		};
		7BE02E432876160E0060575C /* SplashTests */ = {
			isa = PBXGroup;
			children = (
				7BE02E442876160E0060575C /* SplashTests.m */,
			);
			path = SplashTests;
			sourceTree = "<group>";
		};
		7BE02E4D2876160E0060575C /* SplashUITests */ = {
			isa = PBXGroup;
			children = (
				7BE02E4E2876160E0060575C /* SplashUITests.m */,
				7BE02E502876160E0060575C /* SplashUITestsLaunchTests.m */,
			);
			path = SplashUITests;
			sourceTree = "<group>";
		};
		7BE02E5D287617080060575C /* View Controllers */ = {
			isa = PBXGroup;
			children = (
				7B512D792876312D0029195A /* ShowersViewController.h */,
				7B512D7A2876312D0029195A /* ShowersViewController.m */,
				7BE02E5E2876171D0060575C /* LoginViewController.h */,
				7BE02E5F2876171D0060575C /* LoginViewController.m */,
				7B512D73287630F10029195A /* HomeViewController.h */,
				7B512D74287630F10029195A /* HomeViewController.m */,
				7B512D76287631080029195A /* TimeViewController.h */,
				7B512D77287631080029195A /* TimeViewController.m */,
				7B512D7C2876314D0029195A /* ImpactViewController.h */,
				7B512D7D2876314D0029195A /* ImpactViewController.m */,
				7B512D7F287631660029195A /* LeaderboardViewController.h */,
				7B512D80287631660029195A /* LeaderboardViewController.m */,
				7B512ED6287F6F1B0029195A /* SettingsViewController.h */,
				7B512ED7287F6F1B0029195A /* SettingsViewController.m */,
				7B512EDE2881EFE10029195A /* ImpactCalculationsViewController.h */,
				7B512EDF2881EFE10029195A /* ImpactCalculationsViewController.m */,
			);
			path = "View Controllers";
			sourceTree = "<group>";
		};
		B134505EA1D35C7BDE43513C /* Pods */ = {
			isa = PBXGroup;
			children = (
				6D494687862A51CD3767EEF9 /* Pods-Splash.debug.xcconfig */,
				E16785FD8DD5E6C596FA116D /* Pods-Splash.release.xcconfig */,
				51B3B10E6785926A62617D7A /* Pods-Splash-SplashUITests.debug.xcconfig */,
				6EE88852BEB7D03956D70961 /* Pods-Splash-SplashUITests.release.xcconfig */,
				4E60A4DE5EA5DAF29FD5EE48 /* Pods-SplashTests.debug.xcconfig */,
				FF0E59FAA37395F44FA9F5D3 /* Pods-SplashTests.release.xcconfig */,
			);
			path = Pods;
			sourceTree = "<group>";
		};
/* End PBXGroup section */

/* Begin PBXNativeTarget section */
		7BE02E242876160D0060575C /* Splash */ = {
			isa = PBXNativeTarget;
			buildConfigurationList = 7BE02E542876160E0060575C /* Build configuration list for PBXNativeTarget "Splash" */;
			buildPhases = (
				AEA55E27F2EAF63DD285702C /* [CP] Check Pods Manifest.lock */,
				7BE02E212876160D0060575C /* Sources */,
				7BE02E222876160D0060575C /* Frameworks */,
				7BE02E232876160D0060575C /* Resources */,
				BEC1CCA4F6118D6A7904BCC7 /* [CP] Embed Pods Frameworks */,
			);
			buildRules = (
			);
			dependencies = (
			);
			name = Splash;
			productName = Splash;
			productReference = 7BE02E252876160D0060575C /* Splash.app */;
			productType = "com.apple.product-type.application";
		};
		7BE02E3F2876160E0060575C /* SplashTests */ = {
			isa = PBXNativeTarget;
			buildConfigurationList = 7BE02E572876160E0060575C /* Build configuration list for PBXNativeTarget "SplashTests" */;
			buildPhases = (
				75F5B6079308FAADAC32B976 /* [CP] Check Pods Manifest.lock */,
				7BE02E3C2876160E0060575C /* Sources */,
				7BE02E3D2876160E0060575C /* Frameworks */,
				7BE02E3E2876160E0060575C /* Resources */,
			);
			buildRules = (
			);
			dependencies = (
				7BE02E422876160E0060575C /* PBXTargetDependency */,
			);
			name = SplashTests;
			productName = SplashTests;
			productReference = 7BE02E402876160E0060575C /* SplashTests.xctest */;
			productType = "com.apple.product-type.bundle.unit-test";
		};
		7BE02E492876160E0060575C /* SplashUITests */ = {
			isa = PBXNativeTarget;
			buildConfigurationList = 7BE02E5A2876160E0060575C /* Build configuration list for PBXNativeTarget "SplashUITests" */;
			buildPhases = (
				4649CD5E98F45E45BC5C0B2C /* [CP] Check Pods Manifest.lock */,
				7BE02E462876160E0060575C /* Sources */,
				7BE02E472876160E0060575C /* Frameworks */,
				7BE02E482876160E0060575C /* Resources */,
				D587E935D6E9B506B5935686 /* [CP] Embed Pods Frameworks */,
			);
			buildRules = (
			);
			dependencies = (
				7BE02E4C2876160E0060575C /* PBXTargetDependency */,
			);
			name = SplashUITests;
			productName = SplashUITests;
			productReference = 7BE02E4A2876160E0060575C /* SplashUITests.xctest */;
			productType = "com.apple.product-type.bundle.ui-testing";
		};
/* End PBXNativeTarget section */

/* Begin PBXProject section */
		7BE02E1D2876160D0060575C /* Project object */ = {
			isa = PBXProject;
			attributes = {
				BuildIndependentTargetsInParallel = 1;
				LastUpgradeCheck = 1340;
				TargetAttributes = {
					7BE02E242876160D0060575C = {
						CreatedOnToolsVersion = 13.4;
						LastSwiftMigration = 1340;
					};
					7BE02E3F2876160E0060575C = {
						CreatedOnToolsVersion = 13.4;
						TestTargetID = 7BE02E242876160D0060575C;
					};
					7BE02E492876160E0060575C = {
						CreatedOnToolsVersion = 13.4;
						TestTargetID = 7BE02E242876160D0060575C;
					};
				};
			};
			buildConfigurationList = 7BE02E202876160D0060575C /* Build configuration list for PBXProject "Splash" */;
			compatibilityVersion = "Xcode 13.0";
			developmentRegion = en;
			hasScannedForEncodings = 0;
			knownRegions = (
				en,
				Base,
			);
			mainGroup = 7BE02E1C2876160D0060575C;
			productRefGroup = 7BE02E262876160D0060575C /* Products */;
			projectDirPath = "";
			projectRoot = "";
			targets = (
				7BE02E242876160D0060575C /* Splash */,
				7BE02E3F2876160E0060575C /* SplashTests */,
				7BE02E492876160E0060575C /* SplashUITests */,
			);
		};
/* End PBXProject section */

/* Begin PBXResourcesBuildPhase section */
		7BE02E232876160D0060575C /* Resources */ = {
			isa = PBXResourcesBuildPhase;
			buildActionMask = 2147483647;
			files = (
				7BE02E382876160E0060575C /* LaunchScreen.storyboard in Resources */,
				7BE02E352876160E0060575C /* Assets.xcassets in Resources */,
				7BE02E332876160D0060575C /* Main.storyboard in Resources */,
			);
			runOnlyForDeploymentPostprocessing = 0;
		};
		7BE02E3E2876160E0060575C /* Resources */ = {
			isa = PBXResourcesBuildPhase;
			buildActionMask = 2147483647;
			files = (
			);
			runOnlyForDeploymentPostprocessing = 0;
		};
		7BE02E482876160E0060575C /* Resources */ = {
			isa = PBXResourcesBuildPhase;
			buildActionMask = 2147483647;
			files = (
			);
			runOnlyForDeploymentPostprocessing = 0;
		};
/* End PBXResourcesBuildPhase section */

/* Begin PBXShellScriptBuildPhase section */
		4649CD5E98F45E45BC5C0B2C /* [CP] Check Pods Manifest.lock */ = {
			isa = PBXShellScriptBuildPhase;
			buildActionMask = 2147483647;
			files = (
			);
			inputFileListPaths = (
			);
			inputPaths = (
				"${PODS_PODFILE_DIR_PATH}/Podfile.lock",
				"${PODS_ROOT}/Manifest.lock",
			);
			name = "[CP] Check Pods Manifest.lock";
			outputFileListPaths = (
			);
			outputPaths = (
				"$(DERIVED_FILE_DIR)/Pods-Splash-SplashUITests-checkManifestLockResult.txt",
			);
			runOnlyForDeploymentPostprocessing = 0;
			shellPath = /bin/sh;
			shellScript = "diff \"${PODS_PODFILE_DIR_PATH}/Podfile.lock\" \"${PODS_ROOT}/Manifest.lock\" > /dev/null\nif [ $? != 0 ] ; then\n    # print error to STDERR\n    echo \"error: The sandbox is not in sync with the Podfile.lock. Run 'pod install' or update your CocoaPods installation.\" >&2\n    exit 1\nfi\n# This output is used by Xcode 'outputs' to avoid re-running this script phase.\necho \"SUCCESS\" > \"${SCRIPT_OUTPUT_FILE_0}\"\n";
			showEnvVarsInLog = 0;
		};
		75F5B6079308FAADAC32B976 /* [CP] Check Pods Manifest.lock */ = {
			isa = PBXShellScriptBuildPhase;
			buildActionMask = 2147483647;
			files = (
			);
			inputFileListPaths = (
			);
			inputPaths = (
				"${PODS_PODFILE_DIR_PATH}/Podfile.lock",
				"${PODS_ROOT}/Manifest.lock",
			);
			name = "[CP] Check Pods Manifest.lock";
			outputFileListPaths = (
			);
			outputPaths = (
				"$(DERIVED_FILE_DIR)/Pods-SplashTests-checkManifestLockResult.txt",
			);
			runOnlyForDeploymentPostprocessing = 0;
			shellPath = /bin/sh;
			shellScript = "diff \"${PODS_PODFILE_DIR_PATH}/Podfile.lock\" \"${PODS_ROOT}/Manifest.lock\" > /dev/null\nif [ $? != 0 ] ; then\n    # print error to STDERR\n    echo \"error: The sandbox is not in sync with the Podfile.lock. Run 'pod install' or update your CocoaPods installation.\" >&2\n    exit 1\nfi\n# This output is used by Xcode 'outputs' to avoid re-running this script phase.\necho \"SUCCESS\" > \"${SCRIPT_OUTPUT_FILE_0}\"\n";
			showEnvVarsInLog = 0;
		};
		AEA55E27F2EAF63DD285702C /* [CP] Check Pods Manifest.lock */ = {
			isa = PBXShellScriptBuildPhase;
			buildActionMask = 2147483647;
			files = (
			);
			inputFileListPaths = (
			);
			inputPaths = (
				"${PODS_PODFILE_DIR_PATH}/Podfile.lock",
				"${PODS_ROOT}/Manifest.lock",
			);
			name = "[CP] Check Pods Manifest.lock";
			outputFileListPaths = (
			);
			outputPaths = (
				"$(DERIVED_FILE_DIR)/Pods-Splash-checkManifestLockResult.txt",
			);
			runOnlyForDeploymentPostprocessing = 0;
			shellPath = /bin/sh;
			shellScript = "diff \"${PODS_PODFILE_DIR_PATH}/Podfile.lock\" \"${PODS_ROOT}/Manifest.lock\" > /dev/null\nif [ $? != 0 ] ; then\n    # print error to STDERR\n    echo \"error: The sandbox is not in sync with the Podfile.lock. Run 'pod install' or update your CocoaPods installation.\" >&2\n    exit 1\nfi\n# This output is used by Xcode 'outputs' to avoid re-running this script phase.\necho \"SUCCESS\" > \"${SCRIPT_OUTPUT_FILE_0}\"\n";
			showEnvVarsInLog = 0;
		};
		BEC1CCA4F6118D6A7904BCC7 /* [CP] Embed Pods Frameworks */ = {
			isa = PBXShellScriptBuildPhase;
			buildActionMask = 2147483647;
			files = (
			);
			inputFileListPaths = (
				"${PODS_ROOT}/Target Support Files/Pods-Splash/Pods-Splash-frameworks-${CONFIGURATION}-input-files.xcfilelist",
			);
			name = "[CP] Embed Pods Frameworks";
			outputFileListPaths = (
				"${PODS_ROOT}/Target Support Files/Pods-Splash/Pods-Splash-frameworks-${CONFIGURATION}-output-files.xcfilelist",
			);
			runOnlyForDeploymentPostprocessing = 0;
			shellPath = /bin/sh;
			shellScript = "\"${PODS_ROOT}/Target Support Files/Pods-Splash/Pods-Splash-frameworks.sh\"\n";
			showEnvVarsInLog = 0;
		};
		D587E935D6E9B506B5935686 /* [CP] Embed Pods Frameworks */ = {
			isa = PBXShellScriptBuildPhase;
			buildActionMask = 2147483647;
			files = (
			);
			inputFileListPaths = (
				"${PODS_ROOT}/Target Support Files/Pods-Splash-SplashUITests/Pods-Splash-SplashUITests-frameworks-${CONFIGURATION}-input-files.xcfilelist",
			);
			name = "[CP] Embed Pods Frameworks";
			outputFileListPaths = (
				"${PODS_ROOT}/Target Support Files/Pods-Splash-SplashUITests/Pods-Splash-SplashUITests-frameworks-${CONFIGURATION}-output-files.xcfilelist",
			);
			runOnlyForDeploymentPostprocessing = 0;
			shellPath = /bin/sh;
			shellScript = "\"${PODS_ROOT}/Target Support Files/Pods-Splash-SplashUITests/Pods-Splash-SplashUITests-frameworks.sh\"\n";
			showEnvVarsInLog = 0;
		};
/* End PBXShellScriptBuildPhase section */

/* Begin PBXSourcesBuildPhase section */
		7BE02E212876160D0060575C /* Sources */ = {
			isa = PBXSourcesBuildPhase;
			buildActionMask = 2147483647;
			files = (
				7B512EB9287CE9250029195A /* ViewController.swift in Sources */,
				7B512D81287631660029195A /* LeaderboardViewController.m in Sources */,
				7BE02E602876171D0060575C /* LoginViewController.m in Sources */,
				7B512EC2287CF2B10029195A /* SceneDelegate.m in Sources */,
				7BE02E2A2876160D0060575C /* AppDelegate.m in Sources */,
				7B512D85287649B20029195A /* StatsCell.m in Sources */,
				7B512EAC2878AF370029195A /* Shower.m in Sources */,
				7BE02E3B2876160E0060575C /* main.m in Sources */,
				7B512EBF287CF0E10029195A /* SceneDelegate.swift in Sources */,
				7B512D75287630F10029195A /* HomeViewController.m in Sources */,
				7B512EE02881EFE10029195A /* ImpactCalculationsViewController.m in Sources */,
				7B512D7B2876312D0029195A /* ShowersViewController.m in Sources */,
				7B512ED8287F6F1B0029195A /* SettingsViewController.m in Sources */,
				7B512D7E2876314D0029195A /* ImpactViewController.m in Sources */,
				7B512D78287631080029195A /* TimeViewController.m in Sources */,
				7B512EDA287F88D30029195A /* NetworkCalls.swift in Sources */,
				7B512EB7287CE1DF0029195A /* Constants.swift in Sources */,
				7B512EC7287E3B140029195A /* Access.m in Sources */,
				7B512ED5287F61E40029195A /* SpotifyAPIManager.m in Sources */,
				7B512EAF2878B24D0029195A /* ShowerCell.m in Sources */,
				7B512EB2287CD0540029195A /* LeaderboardCell.m in Sources */,
			);
			runOnlyForDeploymentPostprocessing = 0;
		};
		7BE02E3C2876160E0060575C /* Sources */ = {
			isa = PBXSourcesBuildPhase;
			buildActionMask = 2147483647;
			files = (
				7BE02E452876160E0060575C /* SplashTests.m in Sources */,
			);
			runOnlyForDeploymentPostprocessing = 0;
		};
		7BE02E462876160E0060575C /* Sources */ = {
			isa = PBXSourcesBuildPhase;
			buildActionMask = 2147483647;
			files = (
				7BE02E4F2876160E0060575C /* SplashUITests.m in Sources */,
				7BE02E512876160E0060575C /* SplashUITestsLaunchTests.m in Sources */,
			);
			runOnlyForDeploymentPostprocessing = 0;
		};
/* End PBXSourcesBuildPhase section */

/* Begin PBXTargetDependency section */
		7BE02E422876160E0060575C /* PBXTargetDependency */ = {
			isa = PBXTargetDependency;
			target = 7BE02E242876160D0060575C /* Splash */;
			targetProxy = 7BE02E412876160E0060575C /* PBXContainerItemProxy */;
		};
		7BE02E4C2876160E0060575C /* PBXTargetDependency */ = {
			isa = PBXTargetDependency;
			target = 7BE02E242876160D0060575C /* Splash */;
			targetProxy = 7BE02E4B2876160E0060575C /* PBXContainerItemProxy */;
		};
/* End PBXTargetDependency section */

/* Begin PBXVariantGroup section */
		7BE02E312876160D0060575C /* Main.storyboard */ = {
			isa = PBXVariantGroup;
			children = (
				7BE02E322876160D0060575C /* Base */,
			);
			name = Main.storyboard;
			sourceTree = "<group>";
		};
		7BE02E362876160E0060575C /* LaunchScreen.storyboard */ = {
			isa = PBXVariantGroup;
			children = (
				7BE02E372876160E0060575C /* Base */,
			);
			name = LaunchScreen.storyboard;
			sourceTree = "<group>";
		};
/* End PBXVariantGroup section */

/* Begin XCBuildConfiguration section */
		7BE02E522876160E0060575C /* Debug */ = {
			isa = XCBuildConfiguration;
			buildSettings = {
				ALWAYS_SEARCH_USER_PATHS = NO;
				CLANG_ANALYZER_NONNULL = YES;
				CLANG_ANALYZER_NUMBER_OBJECT_CONVERSION = YES_AGGRESSIVE;
				CLANG_CXX_LANGUAGE_STANDARD = "gnu++17";
				CLANG_ENABLE_MODULES = YES;
				CLANG_ENABLE_OBJC_ARC = YES;
				CLANG_ENABLE_OBJC_WEAK = YES;
				CLANG_WARN_BLOCK_CAPTURE_AUTORELEASING = YES;
				CLANG_WARN_BOOL_CONVERSION = YES;
				CLANG_WARN_COMMA = YES;
				CLANG_WARN_CONSTANT_CONVERSION = YES;
				CLANG_WARN_DEPRECATED_OBJC_IMPLEMENTATIONS = YES;
				CLANG_WARN_DIRECT_OBJC_ISA_USAGE = YES_ERROR;
				CLANG_WARN_DOCUMENTATION_COMMENTS = YES;
				CLANG_WARN_EMPTY_BODY = YES;
				CLANG_WARN_ENUM_CONVERSION = YES;
				CLANG_WARN_INFINITE_RECURSION = YES;
				CLANG_WARN_INT_CONVERSION = YES;
				CLANG_WARN_NON_LITERAL_NULL_CONVERSION = YES;
				CLANG_WARN_OBJC_IMPLICIT_RETAIN_SELF = YES;
				CLANG_WARN_OBJC_LITERAL_CONVERSION = YES;
				CLANG_WARN_OBJC_ROOT_CLASS = YES_ERROR;
				CLANG_WARN_QUOTED_INCLUDE_IN_FRAMEWORK_HEADER = YES;
				CLANG_WARN_RANGE_LOOP_ANALYSIS = YES;
				CLANG_WARN_STRICT_PROTOTYPES = YES;
				CLANG_WARN_SUSPICIOUS_MOVE = YES;
				CLANG_WARN_UNGUARDED_AVAILABILITY = YES_AGGRESSIVE;
				CLANG_WARN_UNREACHABLE_CODE = YES;
				CLANG_WARN__DUPLICATE_METHOD_MATCH = YES;
				COPY_PHASE_STRIP = NO;
				DEBUG_INFORMATION_FORMAT = dwarf;
				ENABLE_STRICT_OBJC_MSGSEND = YES;
				ENABLE_TESTABILITY = YES;
				GCC_C_LANGUAGE_STANDARD = gnu11;
				GCC_DYNAMIC_NO_PIC = NO;
				GCC_NO_COMMON_BLOCKS = YES;
				GCC_OPTIMIZATION_LEVEL = 0;
				GCC_PREPROCESSOR_DEFINITIONS = (
					"DEBUG=1",
					"$(inherited)",
				);
				GCC_WARN_64_TO_32_BIT_CONVERSION = YES;
				GCC_WARN_ABOUT_RETURN_TYPE = YES_ERROR;
				GCC_WARN_UNDECLARED_SELECTOR = YES;
				GCC_WARN_UNINITIALIZED_AUTOS = YES_AGGRESSIVE;
				GCC_WARN_UNUSED_FUNCTION = YES;
				GCC_WARN_UNUSED_VARIABLE = YES;
				IPHONEOS_DEPLOYMENT_TARGET = 15.5;
				MTL_ENABLE_DEBUG_INFO = INCLUDE_SOURCE;
				MTL_FAST_MATH = YES;
				ONLY_ACTIVE_ARCH = YES;
				SDKROOT = iphoneos;
			};
			name = Debug;
		};
		7BE02E532876160E0060575C /* Release */ = {
			isa = XCBuildConfiguration;
			buildSettings = {
				ALWAYS_SEARCH_USER_PATHS = NO;
				CLANG_ANALYZER_NONNULL = YES;
				CLANG_ANALYZER_NUMBER_OBJECT_CONVERSION = YES_AGGRESSIVE;
				CLANG_CXX_LANGUAGE_STANDARD = "gnu++17";
				CLANG_ENABLE_MODULES = YES;
				CLANG_ENABLE_OBJC_ARC = YES;
				CLANG_ENABLE_OBJC_WEAK = YES;
				CLANG_WARN_BLOCK_CAPTURE_AUTORELEASING = YES;
				CLANG_WARN_BOOL_CONVERSION = YES;
				CLANG_WARN_COMMA = YES;
				CLANG_WARN_CONSTANT_CONVERSION = YES;
				CLANG_WARN_DEPRECATED_OBJC_IMPLEMENTATIONS = YES;
				CLANG_WARN_DIRECT_OBJC_ISA_USAGE = YES_ERROR;
				CLANG_WARN_DOCUMENTATION_COMMENTS = YES;
				CLANG_WARN_EMPTY_BODY = YES;
				CLANG_WARN_ENUM_CONVERSION = YES;
				CLANG_WARN_INFINITE_RECURSION = YES;
				CLANG_WARN_INT_CONVERSION = YES;
				CLANG_WARN_NON_LITERAL_NULL_CONVERSION = YES;
				CLANG_WARN_OBJC_IMPLICIT_RETAIN_SELF = YES;
				CLANG_WARN_OBJC_LITERAL_CONVERSION = YES;
				CLANG_WARN_OBJC_ROOT_CLASS = YES_ERROR;
				CLANG_WARN_QUOTED_INCLUDE_IN_FRAMEWORK_HEADER = YES;
				CLANG_WARN_RANGE_LOOP_ANALYSIS = YES;
				CLANG_WARN_STRICT_PROTOTYPES = YES;
				CLANG_WARN_SUSPICIOUS_MOVE = YES;
				CLANG_WARN_UNGUARDED_AVAILABILITY = YES_AGGRESSIVE;
				CLANG_WARN_UNREACHABLE_CODE = YES;
				CLANG_WARN__DUPLICATE_METHOD_MATCH = YES;
				COPY_PHASE_STRIP = NO;
				DEBUG_INFORMATION_FORMAT = "dwarf-with-dsym";
				ENABLE_NS_ASSERTIONS = NO;
				ENABLE_STRICT_OBJC_MSGSEND = YES;
				GCC_C_LANGUAGE_STANDARD = gnu11;
				GCC_NO_COMMON_BLOCKS = YES;
				GCC_WARN_64_TO_32_BIT_CONVERSION = YES;
				GCC_WARN_ABOUT_RETURN_TYPE = YES_ERROR;
				GCC_WARN_UNDECLARED_SELECTOR = YES;
				GCC_WARN_UNINITIALIZED_AUTOS = YES_AGGRESSIVE;
				GCC_WARN_UNUSED_FUNCTION = YES;
				GCC_WARN_UNUSED_VARIABLE = YES;
				IPHONEOS_DEPLOYMENT_TARGET = 15.5;
				MTL_ENABLE_DEBUG_INFO = NO;
				MTL_FAST_MATH = YES;
				SDKROOT = iphoneos;
				VALIDATE_PRODUCT = YES;
			};
			name = Release;
		};
		7BE02E552876160E0060575C /* Debug */ = {
			isa = XCBuildConfiguration;
			baseConfigurationReference = 6D494687862A51CD3767EEF9 /* Pods-Splash.debug.xcconfig */;
			buildSettings = {
				ASSETCATALOG_COMPILER_APPICON_NAME = AppIcon;
				ASSETCATALOG_COMPILER_GLOBAL_ACCENT_COLOR_NAME = AccentColor;
				CLANG_ENABLE_MODULES = YES;
				CODE_SIGN_STYLE = Automatic;
				CURRENT_PROJECT_VERSION = 1;
				DEFINES_MODULE = YES;
				DEVELOPMENT_TEAM = R2C96ZMXAW;
				FRAMEWORK_SEARCH_PATHS = (
					"$(inherited)",
					"$(PROJECT_DIR)",
				);
				GENERATE_INFOPLIST_FILE = YES;
				INFOPLIST_FILE = Splash/Info.plist;
				INFOPLIST_KEY_UIApplicationSupportsIndirectInputEvents = YES;
				INFOPLIST_KEY_UILaunchStoryboardName = LaunchScreen;
				INFOPLIST_KEY_UIMainStoryboardFile = Main;
				INFOPLIST_KEY_UISupportedInterfaceOrientations_iPad = "UIInterfaceOrientationPortrait UIInterfaceOrientationPortraitUpsideDown UIInterfaceOrientationLandscapeLeft UIInterfaceOrientationLandscapeRight";
				INFOPLIST_KEY_UISupportedInterfaceOrientations_iPhone = "UIInterfaceOrientationPortrait UIInterfaceOrientationLandscapeLeft UIInterfaceOrientationLandscapeRight";
				LD_RUNPATH_SEARCH_PATHS = (
					"$(inherited)",
					"@executable_path/Frameworks",
				);
				MARKETING_VERSION = 1.0;
				OTHER_LDFLAGS = (
					"$(inherited)",
					"-l\"sqlite3\"",
					"-l\"z\"",
					"-framework",
					"\"AudioToolbox\"",
					"-framework",
					"\"Bolts\"",
					"-framework",
					"\"CFNetwork\"",
					"-framework",
					"\"CoreGraphics\"",
					"-framework",
					"\"CoreLocation\"",
					"-framework",
					"\"Foundation\"",
					"-framework",
					"\"Parse\"",
					"-framework",
					"\"QuartzCore\"",
					"-framework",
					"\"Security\"",
					"-framework",
					"\"StoreKit\"",
					"-framework",
					"\"SystemConfiguration\"",
					"-framework",
					"\"UIKit\"",
					"-weak_framework",
					"\"Accounts\"",
					"-weak_framework",
					"\"Social\"",
					"-ObjC",
				);
				PRODUCT_BUNDLE_IDENTIFIER = com.shrevin.Splash;
				PRODUCT_NAME = "$(TARGET_NAME)";
				SWIFT_EMIT_LOC_STRINGS = YES;
				SWIFT_OBJC_BRIDGING_HEADER = "Splash/Splash-Bridging-Header.h";
				SWIFT_OPTIMIZATION_LEVEL = "-Onone";
				SWIFT_VERSION = 5.0;
				TARGETED_DEVICE_FAMILY = "1,2";
			};
			name = Debug;
		};
		7BE02E562876160E0060575C /* Release */ = {
			isa = XCBuildConfiguration;
			baseConfigurationReference = E16785FD8DD5E6C596FA116D /* Pods-Splash.release.xcconfig */;
			buildSettings = {
				ASSETCATALOG_COMPILER_APPICON_NAME = AppIcon;
				ASSETCATALOG_COMPILER_GLOBAL_ACCENT_COLOR_NAME = AccentColor;
				CLANG_ENABLE_MODULES = YES;
				CODE_SIGN_STYLE = Automatic;
				CURRENT_PROJECT_VERSION = 1;
				DEFINES_MODULE = YES;
				DEVELOPMENT_TEAM = R2C96ZMXAW;
				FRAMEWORK_SEARCH_PATHS = (
					"$(inherited)",
					"$(PROJECT_DIR)",
				);
				GENERATE_INFOPLIST_FILE = YES;
				INFOPLIST_FILE = Splash/Info.plist;
				INFOPLIST_KEY_UIApplicationSupportsIndirectInputEvents = YES;
				INFOPLIST_KEY_UILaunchStoryboardName = LaunchScreen;
				INFOPLIST_KEY_UIMainStoryboardFile = Main;
				INFOPLIST_KEY_UISupportedInterfaceOrientations_iPad = "UIInterfaceOrientationPortrait UIInterfaceOrientationPortraitUpsideDown UIInterfaceOrientationLandscapeLeft UIInterfaceOrientationLandscapeRight";
				INFOPLIST_KEY_UISupportedInterfaceOrientations_iPhone = "UIInterfaceOrientationPortrait UIInterfaceOrientationLandscapeLeft UIInterfaceOrientationLandscapeRight";
				LD_RUNPATH_SEARCH_PATHS = (
					"$(inherited)",
					"@executable_path/Frameworks",
				);
				MARKETING_VERSION = 1.0;
				OTHER_LDFLAGS = (
					"$(inherited)",
					"-l\"sqlite3\"",
					"-l\"z\"",
					"-framework",
					"\"AudioToolbox\"",
					"-framework",
					"\"Bolts\"",
					"-framework",
					"\"CFNetwork\"",
					"-framework",
					"\"CoreGraphics\"",
					"-framework",
					"\"CoreLocation\"",
					"-framework",
					"\"Foundation\"",
					"-framework",
					"\"Parse\"",
					"-framework",
					"\"QuartzCore\"",
					"-framework",
					"\"Security\"",
					"-framework",
					"\"StoreKit\"",
					"-framework",
					"\"SystemConfiguration\"",
					"-framework",
					"\"UIKit\"",
					"-weak_framework",
					"\"Accounts\"",
					"-weak_framework",
					"\"Social\"",
					"-ObjC",
				);
				PRODUCT_BUNDLE_IDENTIFIER = com.shrevin.Splash;
				PRODUCT_NAME = "$(TARGET_NAME)";
				SWIFT_EMIT_LOC_STRINGS = YES;
				SWIFT_OBJC_BRIDGING_HEADER = "Splash/Splash-Bridging-Header.h";
				SWIFT_VERSION = 5.0;
				TARGETED_DEVICE_FAMILY = "1,2";
			};
			name = Release;
		};
		7BE02E582876160E0060575C /* Debug */ = {
			isa = XCBuildConfiguration;
			baseConfigurationReference = 4E60A4DE5EA5DAF29FD5EE48 /* Pods-SplashTests.debug.xcconfig */;
			buildSettings = {
				ALWAYS_EMBED_SWIFT_STANDARD_LIBRARIES = YES;
				BUNDLE_LOADER = "$(TEST_HOST)";
				CODE_SIGN_STYLE = Automatic;
				CURRENT_PROJECT_VERSION = 1;
				DEVELOPMENT_TEAM = R2C96ZMXAW;
				GENERATE_INFOPLIST_FILE = YES;
				IPHONEOS_DEPLOYMENT_TARGET = 15.5;
				MARKETING_VERSION = 1.0;
				PRODUCT_BUNDLE_IDENTIFIER = com.shrevin.SplashTests;
				PRODUCT_NAME = "$(TARGET_NAME)";
				SWIFT_EMIT_LOC_STRINGS = NO;
				TARGETED_DEVICE_FAMILY = "1,2";
				TEST_HOST = "$(BUILT_PRODUCTS_DIR)/Splash.app/Splash";
			};
			name = Debug;
		};
		7BE02E592876160E0060575C /* Release */ = {
			isa = XCBuildConfiguration;
			baseConfigurationReference = FF0E59FAA37395F44FA9F5D3 /* Pods-SplashTests.release.xcconfig */;
			buildSettings = {
				ALWAYS_EMBED_SWIFT_STANDARD_LIBRARIES = YES;
				BUNDLE_LOADER = "$(TEST_HOST)";
				CODE_SIGN_STYLE = Automatic;
				CURRENT_PROJECT_VERSION = 1;
				DEVELOPMENT_TEAM = R2C96ZMXAW;
				GENERATE_INFOPLIST_FILE = YES;
				IPHONEOS_DEPLOYMENT_TARGET = 15.5;
				MARKETING_VERSION = 1.0;
				PRODUCT_BUNDLE_IDENTIFIER = com.shrevin.SplashTests;
				PRODUCT_NAME = "$(TARGET_NAME)";
				SWIFT_EMIT_LOC_STRINGS = NO;
				TARGETED_DEVICE_FAMILY = "1,2";
				TEST_HOST = "$(BUILT_PRODUCTS_DIR)/Splash.app/Splash";
			};
			name = Release;
		};
		7BE02E5B2876160E0060575C /* Debug */ = {
			isa = XCBuildConfiguration;
			baseConfigurationReference = 51B3B10E6785926A62617D7A /* Pods-Splash-SplashUITests.debug.xcconfig */;
			buildSettings = {
				ALWAYS_EMBED_SWIFT_STANDARD_LIBRARIES = YES;
				CODE_SIGN_STYLE = Automatic;
				CURRENT_PROJECT_VERSION = 1;
				DEVELOPMENT_TEAM = R2C96ZMXAW;
				GENERATE_INFOPLIST_FILE = YES;
				MARKETING_VERSION = 1.0;
				PRODUCT_BUNDLE_IDENTIFIER = com.shrevin.SplashUITests;
				PRODUCT_NAME = "$(TARGET_NAME)";
				SWIFT_EMIT_LOC_STRINGS = NO;
				TARGETED_DEVICE_FAMILY = "1,2";
				TEST_TARGET_NAME = Splash;
			};
			name = Debug;
		};
		7BE02E5C2876160E0060575C /* Release */ = {
			isa = XCBuildConfiguration;
			baseConfigurationReference = 6EE88852BEB7D03956D70961 /* Pods-Splash-SplashUITests.release.xcconfig */;
			buildSettings = {
				ALWAYS_EMBED_SWIFT_STANDARD_LIBRARIES = YES;
				CODE_SIGN_STYLE = Automatic;
				CURRENT_PROJECT_VERSION = 1;
				DEVELOPMENT_TEAM = R2C96ZMXAW;
				GENERATE_INFOPLIST_FILE = YES;
				MARKETING_VERSION = 1.0;
				PRODUCT_BUNDLE_IDENTIFIER = com.shrevin.SplashUITests;
				PRODUCT_NAME = "$(TARGET_NAME)";
				SWIFT_EMIT_LOC_STRINGS = NO;
				TARGETED_DEVICE_FAMILY = "1,2";
				TEST_TARGET_NAME = Splash;
			};
			name = Release;
		};
/* End XCBuildConfiguration section */

/* Begin XCConfigurationList section */
		7BE02E202876160D0060575C /* Build configuration list for PBXProject "Splash" */ = {
			isa = XCConfigurationList;
			buildConfigurations = (
				7BE02E522876160E0060575C /* Debug */,
				7BE02E532876160E0060575C /* Release */,
			);
			defaultConfigurationIsVisible = 0;
			defaultConfigurationName = Release;
		};
		7BE02E542876160E0060575C /* Build configuration list for PBXNativeTarget "Splash" */ = {
			isa = XCConfigurationList;
			buildConfigurations = (
				7BE02E552876160E0060575C /* Debug */,
				7BE02E562876160E0060575C /* Release */,
			);
			defaultConfigurationIsVisible = 0;
			defaultConfigurationName = Release;
		};
		7BE02E572876160E0060575C /* Build configuration list for PBXNativeTarget "SplashTests" */ = {
			isa = XCConfigurationList;
			buildConfigurations = (
				7BE02E582876160E0060575C /* Debug */,
				7BE02E592876160E0060575C /* Release */,
			);
			defaultConfigurationIsVisible = 0;
			defaultConfigurationName = Release;
		};
		7BE02E5A2876160E0060575C /* Build configuration list for PBXNativeTarget "SplashUITests" */ = {
			isa = XCConfigurationList;
			buildConfigurations = (
				7BE02E5B2876160E0060575C /* Debug */,
				7BE02E5C2876160E0060575C /* Release */,
			);
			defaultConfigurationIsVisible = 0;
			defaultConfigurationName = Release;
		};
/* End XCConfigurationList section */
	};
	rootObject = 7BE02E1D2876160D0060575C /* Project object */;
}
