PODS:
  - Bolts/Tasks (1.9.1)
  - CircularSlider (1.1.2)
  - GravitySliderFlowLayout (1.0)
  - Parse (1.19.3):
    - Parse/Core (= 1.19.3)
  - Parse/Core (1.19.3):
    - Bolts/Tasks (= 1.9.1)
  - Parse/UI (1.19.3):
    - Parse/Core
  - SCLAlertView (0.8)
  - SWTableViewCell (0.3.7)

DEPENDENCIES:
  - CircularSlider
  - GravitySliderFlowLayout
  - Parse
  - Parse/UI
  - SCLAlertView
  - SWTableViewCell (~> 0.3.7)

SPEC REPOS:
  trunk:
    - Bolts
    - CircularSlider
    - GravitySliderFlowLayout
    - Parse
    - SCLAlertView
    - SWTableViewCell

SPEC CHECKSUMS:
  Bolts: 8c1e8aab2f603387b8b9924f57d1d64f43d3ffdc
  CircularSlider: 448f9f7723b845ccd470dac41981feb192e20c50
  GravitySliderFlowLayout: bb9ae6a302b85821c9e0271c00533fae8091143b
  Parse: 0abb63a0ff6fa34a3f64b81d595a294e2ece143a
  SCLAlertView: 6a77bb2edfc65e04dbe57725546cb4107a506b85
  SWTableViewCell: 2a94aadc9d47b2b611fa064566bf57948b95b579

PODFILE CHECKSUM: 2b86242e1769350089092aa6f64537d25815c156

COCOAPODS: 1.11.3
